<?xml version="1.0" encoding="utf-8"?>
<Project ToolsVersion="4.0" xmlns="http://schemas.microsoft.com/developer/msbuild/2003">
  <ItemGroup>
    <Filter Include="Source Files">
      <UniqueIdentifier>{f268f4fc-f98d-4f86-95c6-ce98a130707c}</UniqueIdentifier>
      <Extensions>cpp;c;cxx;def;odl;idl;hpj;bat;asm</Extensions>
    </Filter>
    <Filter Include="Header Files">
      <UniqueIdentifier>{3be95ff9-d7d1-4745-ab4d-0133b74422b4}</UniqueIdentifier>
      <Extensions>h;hpp;hxx;hm;inl;inc</Extensions>
    </Filter>
    <Filter Include="Resource Files">
      <UniqueIdentifier>{f76725de-cba6-4fa8-937f-3ac2637e0866}</UniqueIdentifier>
      <Extensions>rc;ico;cur;bmp;dlg;rc2;rct;bin;rgs;jpg;jpeg;jpe;manifest</Extensions>
    </Filter>
    <Filter Include="Header Files\map">
      <UniqueIdentifier>{844ff399-37d0-45a3-93da-228561b7306a}</UniqueIdentifier>
    </Filter>
    <Filter Include="Header Files\util">
      <UniqueIdentifier>{cab0dfe7-3b9b-4a45-92aa-6d4650af2416}</UniqueIdentifier>
    </Filter>
  </ItemGroup>
  <ItemGroup>
    <ClCompile Include="stdafx.cpp">
      <Filter>Source Files</Filter>
    </ClCompile>
    <ClCompile Include="TrafficSimulator.cpp">
      <Filter>Source Files</Filter>
    </ClCompile>
    <ClCompile Include="MainDlg.cpp">
      <Filter>Header Files</Filter>
    </ClCompile>
    <ClCompile Include="TrafficSimulatorCtrl.cpp">
      <Filter>Source Files</Filter>
    </ClCompile>
    <ClCompile Include="Map.cpp">
      <Filter>Header Files\map</Filter>
    </ClCompile>
    <ClCompile Include="Road.cpp">
      <Filter>Header Files\map</Filter>
    </ClCompile>
    <ClCompile Include="Vehicle.cpp">
      <Filter>Header Files\map</Filter>
    </ClCompile>
    <ClCompile Include="DrawUtil.cpp">
      <Filter>Source Files</Filter>
    </ClCompile>
  </ItemGroup>
  <ItemGroup>
    <ClInclude Include="stdafx.h">
      <Filter>Header Files</Filter>
    </ClInclude>
    <ClInclude Include="MainDlg.h">
      <Filter>Header Files</Filter>
    </ClInclude>
    <ClInclude Include="AboutDlg.h">
      <Filter>Header Files</Filter>
    </ClInclude>
    <ClInclude Include="resource.h">
      <Filter>Header Files</Filter>
    </ClInclude>
    <ClInclude Include="SetDlg.h">
      <Filter>Header Files</Filter>
    </ClInclude>
    <ClInclude Include="TrafficSimulatorCtrl.h">
      <Filter>Header Files</Filter>
    </ClInclude>
    <ClInclude Include="Map.h">
      <Filter>Header Files\map</Filter>
    </ClInclude>
    <ClInclude Include="Road.h">
      <Filter>Header Files\map</Filter>
    </ClInclude>
    <ClInclude Include="Vehicle.h">
      <Filter>Header Files\map</Filter>
    </ClInclude>
    <ClInclude Include="DrawUtil.h">
      <Filter>Header Files</Filter>
    </ClInclude>
    <ClInclude Include="MemPool.h">
      <Filter>Header Files\util</Filter>
    </ClInclude>
    <ClInclude Include="VehicleGen.h">
      <Filter>Header Files\map</Filter>
    </ClInclude>
  </ItemGroup>
  <ItemGroup>
    <ResourceCompile Include="TrafficSimulator.rc">
      <Filter>Resource Files</Filter>
    </ResourceCompile>
  </ItemGroup>
  <ItemGroup>
    <None Include="res\TrafficSimulator.ico">
      <Filter>Resource Files</Filter>
    </None>
  </ItemGroup>
</Project>